{
  "name": "bullwinkle.github.io",
  "version": "1.0.0",
  "lockfileVersion": 1,
  "requires": true,
  "dependencies": {
    "js-polyfills": {
      "version": "0.1.33",
      "resolved": "https://registry.npmjs.org/js-polyfills/-/js-polyfills-0.1.33.tgz",
      "integrity": "sha1-XjmsHTTvHfSWQjMpviJ2EuY8O2s="
    }
  }
}
